
Microsoft Visual Studio Solution File, Format Version 12.00
# Visual Studio Version 16
VisualStudioVersion = 16.0.30711.63
MinimumVisualStudioVersion = 10.0.40219.1
Project("{FAE04EC0-301F-11D3-BF4B-00C04F79EFBC}") = "LosePanel", "LoseNoneVisualization\LosePanel.csproj", "{665CE42F-7D18-4547-B2C1-0962ED6C73C0}"
EndProject
Project("{FAE04EC0-301F-11D3-BF4B-00C04F79EFBC}") = "LosePanel.Mobile.Android", "LosePanel.Mobile\LosePanel.Mobile.Android\LosePanel.Mobile.Android.csproj", "{0AD92F17-3473-40E8-8196-6C6B54E2BBA6}"
EndProject
Project("{FAE04EC0-301F-11D3-BF4B-00C04F79EFBC}") = "LosePanel.Mobile.iOS", "LosePanel.Mobile\LosePanel.Mobile.iOS\LosePanel.Mobile.iOS.csproj", "{A3F4EAD9-2B1D-4068-A0F7-88D6DD1768A6}"
EndProject
Project("{FAE04EC0-301F-11D3-BF4B-00C04F79EFBC}") = "LosePanel.Mobile", "LosePanel.Mobile\LosePanel.Mobile\LosePanel.Mobile.csproj", "{BD832C0E-58FF-4495-9E62-EAF398E6E5F0}"
EndProject
Global
	GlobalSection(SolutionConfigurationPlatforms) = preSolution
		Debug|Any CPU = Debug|Any CPU
		Debug|iPhone = Debug|iPhone
		Debug|iPhoneSimulator = Debug|iPhoneSimulator
		Release|Any CPU = Release|Any CPU
		Release|iPhone = Release|iPhone
		Release|iPhoneSimulator = Release|iPhoneSimulator
	EndGlobalSection
	GlobalSection(ProjectConfigurationPlatforms) = postSolution
		{665CE42F-7D18-4547-B2C1-0962ED6C73C0}.Debug|Any CPU.ActiveCfg = Debug|Any CPU
		{665CE42F-7D18-4547-B2C1-0962ED6C73C0}.Debug|Any CPU.Build.0 = Debug|Any CPU
		{665CE42F-7D18-4547-B2C1-0962ED6C73C0}.Debug|iPhone.ActiveCfg = Debug|Any CPU
		{665CE42F-7D18-4547-B2C1-0962ED6C73C0}.Debug|iPhone.Build.0 = Debug|Any CPU
		{665CE42F-7D18-4547-B2C1-0962ED6C73C0}.Debug|iPhoneSimulator.ActiveCfg = Debug|Any CPU
		{665CE42F-7D18-4547-B2C1-0962ED6C73C0}.Debug|iPhoneSimulator.Build.0 = Debug|Any CPU
		{665CE42F-7D18-4547-B2C1-0962ED6C73C0}.Release|Any CPU.ActiveCfg = Release|Any CPU
		{665CE42F-7D18-4547-B2C1-0962ED6C73C0}.Release|Any CPU.Build.0 = Release|Any CPU
		{665CE42F-7D18-4547-B2C1-0962ED6C73C0}.Release|iPhone.ActiveCfg = Release|Any CPU
		{665CE42F-7D18-4547-B2C1-0962ED6C73C0}.Release|iPhone.Build.0 = Release|Any CPU
		{665CE42F-7D18-4547-B2C1-0962ED6C73C0}.Release|iPhoneSimulator.ActiveCfg = Release|Any CPU
		{665CE42F-7D18-4547-B2C1-0962ED6C73C0}.Release|iPhoneSimulator.Build.0 = Release|Any CPU
		{0AD92F17-3473-40E8-8196-6C6B54E2BBA6}.Debug|Any CPU.ActiveCfg = Debug|Any CPU
		{0AD92F17-3473-40E8-8196-6C6B54E2BBA6}.Debug|Any CPU.Build.0 = Debug|Any CPU
		{0AD92F17-3473-40E8-8196-6C6B54E2BBA6}.Debug|Any CPU.Deploy.0 = Debug|Any CPU
		{0AD92F17-3473-40E8-8196-6C6B54E2BBA6}.Debug|iPhone.ActiveCfg = Debug|Any CPU
		{0AD92F17-3473-40E8-8196-6C6B54E2BBA6}.Debug|iPhone.Build.0 = Debug|Any CPU
		{0AD92F17-3473-40E8-8196-6C6B54E2BBA6}.Debug|iPhone.Deploy.0 = Debug|Any CPU
		{0AD92F17-3473-40E8-8196-6C6B54E2BBA6}.Debug|iPhoneSimulator.ActiveCfg = Debug|Any CPU
		{0AD92F17-3473-40E8-8196-6C6B54E2BBA6}.Debug|iPhoneSimulator.Build.0 = Debug|Any CPU
		{0AD92F17-3473-40E8-8196-6C6B54E2BBA6}.Debug|iPhoneSimulator.Deploy.0 = Debug|Any CPU
		{0AD92F17-3473-40E8-8196-6C6B54E2BBA6}.Release|Any CPU.ActiveCfg = Release|Any CPU
		{0AD92F17-3473-40E8-8196-6C6B54E2BBA6}.Release|Any CPU.Build.0 = Release|Any CPU
		{0AD92F17-3473-40E8-8196-6C6B54E2BBA6}.Release|Any CPU.Deploy.0 = Release|Any CPU
		{0AD92F17-3473-40E8-8196-6C6B54E2BBA6}.Release|iPhone.ActiveCfg = Release|Any CPU
		{0AD92F17-3473-40E8-8196-6C6B54E2BBA6}.Release|iPhone.Build.0 = Release|Any CPU
		{0AD92F17-3473-40E8-8196-6C6B54E2BBA6}.Release|iPhone.Deploy.0 = Release|Any CPU
		{0AD92F17-3473-40E8-8196-6C6B54E2BBA6}.Release|iPhoneSimulator.ActiveCfg = Release|Any CPU
		{0AD92F17-3473-40E8-8196-6C6B54E2BBA6}.Release|iPhoneSimulator.Build.0 = Release|Any CPU
		{0AD92F17-3473-40E8-8196-6C6B54E2BBA6}.Release|iPhoneSimulator.Deploy.0 = Release|Any CPU
		{A3F4EAD9-2B1D-4068-A0F7-88D6DD1768A6}.Debug|Any CPU.ActiveCfg = Debug|iPhoneSimulator
		{A3F4EAD9-2B1D-4068-A0F7-88D6DD1768A6}.Debug|iPhone.ActiveCfg = Debug|iPhone
		{A3F4EAD9-2B1D-4068-A0F7-88D6DD1768A6}.Debug|iPhone.Build.0 = Debug|iPhone
		{A3F4EAD9-2B1D-4068-A0F7-88D6DD1768A6}.Debug|iPhoneSimulator.ActiveCfg = Debug|iPhoneSimulator
		{A3F4EAD9-2B1D-4068-A0F7-88D6DD1768A6}.Debug|iPhoneSimulator.Build.0 = Debug|iPhoneSimulator
		{A3F4EAD9-2B1D-4068-A0F7-88D6DD1768A6}.Release|Any CPU.ActiveCfg = Release|iPhoneSimulator
		{A3F4EAD9-2B1D-4068-A0F7-88D6DD1768A6}.Release|iPhone.ActiveCfg = Release|iPhone
		{A3F4EAD9-2B1D-4068-A0F7-88D6DD1768A6}.Release|iPhone.Build.0 = Release|iPhone
		{A3F4EAD9-2B1D-4068-A0F7-88D6DD1768A6}.Release|iPhoneSimulator.ActiveCfg = Release|iPhoneSimulator
		{A3F4EAD9-2B1D-4068-A0F7-88D6DD1768A6}.Release|iPhoneSimulator.Build.0 = Release|iPhoneSimulator
		{BD832C0E-58FF-4495-9E62-EAF398E6E5F0}.Debug|Any CPU.ActiveCfg = Debug|Any CPU
		{BD832C0E-58FF-4495-9E62-EAF398E6E5F0}.Debug|Any CPU.Build.0 = Debug|Any CPU
		{BD832C0E-58FF-4495-9E62-EAF398E6E5F0}.Debug|iPhone.ActiveCfg = Debug|Any CPU
		{BD832C0E-58FF-4495-9E62-EAF398E6E5F0}.Debug|iPhone.Build.0 = Debug|Any CPU
		{BD832C0E-58FF-4495-9E62-EAF398E6E5F0}.Debug|iPhoneSimulator.ActiveCfg = Debug|Any CPU
		{BD832C0E-58FF-4495-9E62-EAF398E6E5F0}.Debug|iPhoneSimulator.Build.0 = Debug|Any CPU
		{BD832C0E-58FF-4495-9E62-EAF398E6E5F0}.Release|Any CPU.ActiveCfg = Release|Any CPU
		{BD832C0E-58FF-4495-9E62-EAF398E6E5F0}.Release|Any CPU.Build.0 = Release|Any CPU
		{BD832C0E-58FF-4495-9E62-EAF398E6E5F0}.Release|iPhone.ActiveCfg = Release|Any CPU
		{BD832C0E-58FF-4495-9E62-EAF398E6E5F0}.Release|iPhone.Build.0 = Release|Any CPU
		{BD832C0E-58FF-4495-9E62-EAF398E6E5F0}.Release|iPhoneSimulator.ActiveCfg = Release|Any CPU
		{BD832C0E-58FF-4495-9E62-EAF398E6E5F0}.Release|iPhoneSimulator.Build.0 = Release|Any CPU
	EndGlobalSection
	GlobalSection(SolutionProperties) = preSolution
		HideSolutionNode = FALSE
	EndGlobalSection
	GlobalSection(ExtensibilityGlobals) = postSolution
		SolutionGuid = {7CDD13B1-0058-4FB4-A8B3-2C08C2433F7E}
	EndGlobalSection
EndGlobal
